
Microsoft Visual Studio Solution File, Format Version 12.00
# Visual Studio 15
VisualStudioVersion = 15.0.27130.2010
MinimumVisualStudioVersion = 10.0.40219.1
Project("{FAE04EC0-301F-11D3-BF4B-00C04F79EFBC}") = "WebApp_demo", "WebApp-demo\WebApp_demo.csproj", "{0DF07E01-DF45-4804-85F9-01349753E6C3}"
EndProject
Global
	GlobalSection(SolutionConfigurationPlatforms) = preSolution
		Debug|Any CPU = Debug|Any CPU
		Release|Any CPU = Release|Any CPU
	EndGlobalSection
	GlobalSection(ProjectConfigurationPlatforms) = postSolution
		{0DF07E01-DF45-4804-85F9-01349753E6C3}.Debug|Any CPU.ActiveCfg = Debug|Any CPU
		{0DF07E01-DF45-4804-85F9-01349753E6C3}.Debug|Any CPU.Build.0 = Debug|Any CPU
		{0DF07E01-DF45-4804-85F9-01349753E6C3}.Release|Any CPU.ActiveCfg = Release|Any CPU
		{0DF07E01-DF45-4804-85F9-01349753E6C3}.Release|Any CPU.Build.0 = Release|Any CPU
	EndGlobalSection
	GlobalSection(SolutionProperties) = preSolution
		HideSolutionNode = FALSE
	EndGlobalSection
	GlobalSection(ExtensibilityGlobals) = postSolution
		SolutionGuid = {627CAFA7-B406-4F1E-8FAF-05BA36512EC5}
	EndGlobalSection
EndGlobal
